Microsoft Visual Studio Solution File, Format Version 12.00
# Visual Studio Version 17
VisualStudioVersion = 17.5.002.0
MinimumVisualStudioVersion = 10.0.40219.1
Project("{9A19103F-16F7-4668-BE54-9A1E7A4F7556}") = "event-sourcing.Api", "event-sourcing.Api\event-sourcing.csproj", "{AB2E0B75-E909-4F1C-8027-0982F49B57C4}"
EndProject
Project("{9A19103F-16F7-4668-BE54-9A1E7A4F7556}") = "event-sourcing.Tests", "event-sourcing.Tests\event-sourcing.Tests.csproj", "{5B2E0B75-E909-4F1C-8027-0982F49B57C5}"
EndProject
Global
	GlobalSection(SolutionConfigurationPlatforms) = preSolution
		Debug|Any CPU = Debug|Any CPU
		Release|Any CPU = Release|Any CPU
	EndGlobalSection
	GlobalSection(ProjectConfigurationPlatforms) = postSolution
		{AB2E0B75-E909-4F1C-8027-0982F49B57C4}.Debug|Any CPU.ActiveCfg = Debug|Any CPU
		{AB2E0B75-E909-4F1C-8027-0982F49B57C4}.Debug|Any CPU.Build.0 = Debug|Any CPU
		{AB2E0B75-E909-4F1C-8027-0982F49B57C4}.Release|Any CPU.ActiveCfg = Release|Any CPU
		{AB2E0B75-E909-4F1C-8027-0982F49B57C4}.Release|Any CPU.Build.0 = Release|Any CPU
		{5B2E0B75-E909-4F1C-8027-0982F49B57C5}.Debug|Any CPU.ActiveCfg = Debug|Any CPU
		{5B2E0B75-E909-4F1C-8027-0982F49B57C5}.Debug|Any CPU.Build.0 = Debug|Any CPU
		{5B2E0B75-E909-4F1C-8027-0982F49B57C5}.Release|Any CPU.ActiveCfg = Release|Any CPU
		{5B2E0B75-E909-4F1C-8027-0982F49B57C5}.Release|Any CPU.Build.0 = Release|Any CPU
	EndGlobalSection
	GlobalSection(SolutionProperties) = preSolution
		HideSolutionNode = FALSE
	EndGlobalSection
	GlobalSection(ExtensibilityGlobals) = postSolution
		SolutionGuid = {892D7E5B-E3DC-4417-8D08-FFFD9DC5EC69}
	EndGlobalSection
EndGlobal
